
Microsoft Visual Studio Solution File, Format Version 12.00
# Visual Studio 2013
VisualStudioVersion = 12.0.21005.1
MinimumVisualStudioVersion = 10.0.40219.1
Project("{FAE04EC0-301F-11D3-BF4B-00C04F79EFBC}") = "DSandAlgo", "DSandAlgo\DSandAlgo.csproj", "{0616123C-FD2C-4256-9A28-D9F929E38AD4}"
EndProject
Global
	GlobalSection(SolutionConfigurationPlatforms) = preSolution
		Debug|Any CPU = Debug|Any CPU
		Release|Any CPU = Release|Any CPU
	EndGlobalSection
	GlobalSection(ProjectConfigurationPlatforms) = postSolution
		{0616123C-FD2C-4256-9A28-D9F929E38AD4}.Debug|Any CPU.ActiveCfg = Debug|Any CPU
		{0616123C-FD2C-4256-9A28-D9F929E38AD4}.Debug|Any CPU.Build.0 = Debug|Any CPU
		{0616123C-FD2C-4256-9A28-D9F929E38AD4}.Release|Any CPU.ActiveCfg = Release|Any CPU
		{0616123C-FD2C-4256-9A28-D9F929E38AD4}.Release|Any CPU.Build.0 = Release|Any CPU
	EndGlobalSection
	GlobalSection(SolutionProperties) = preSolution
		HideSolutionNode = FALSE
	EndGlobalSection
EndGlobal
