
Microsoft Visual Studio Solution File, Format Version 12.00
# Visual Studio 2013
VisualStudioVersion = 12.0.21005.1
MinimumVisualStudioVersion = 10.0.40219.1
Project("{FAE04EC0-301F-11D3-BF4B-00C04F79EFBC}") = "PrintSpiralMatrix", "PrintSpiralMatrix\PrintSpiralMatrix.csproj", "{7715BAE1-C955-4583-8753-EB17648719A1}"
EndProject
Global
	GlobalSection(SolutionConfigurationPlatforms) = preSolution
		Debug|Any CPU = Debug|Any CPU
		Release|Any CPU = Release|Any CPU
	EndGlobalSection
	GlobalSection(ProjectConfigurationPlatforms) = postSolution
		{7715BAE1-C955-4583-8753-EB17648719A1}.Debug|Any CPU.ActiveCfg = Debug|Any CPU
		{7715BAE1-C955-4583-8753-EB17648719A1}.Debug|Any CPU.Build.0 = Debug|Any CPU
		{7715BAE1-C955-4583-8753-EB17648719A1}.Release|Any CPU.ActiveCfg = Release|Any CPU
		{7715BAE1-C955-4583-8753-EB17648719A1}.Release|Any CPU.Build.0 = Release|Any CPU
	EndGlobalSection
	GlobalSection(SolutionProperties) = preSolution
		HideSolutionNode = FALSE
	EndGlobalSection
EndGlobal
